// !$*UTF8*$!
{
	archiveVersion = 1;
	classes = {
	};
	objectVersion = 56;
	objects = {

/* Begin PBXBuildFile section */
		59053D0B2B3889A200D190CC /* .swiftlint.yml in Resources */ = {isa = PBXBuildFile; fileRef = 59053D0A2B3889A200D190CC /* .swiftlint.yml */; };
		591A887D2B384E600059E40F /* AppDelegate.swift in Sources */ = {isa = PBXBuildFile; fileRef = 591A887C2B384E600059E40F /* AppDelegate.swift */; };
		591A887F2B384E600059E40F /* SceneDelegate.swift in Sources */ = {isa = PBXBuildFile; fileRef = 591A887E2B384E600059E40F /* SceneDelegate.swift */; };
		591A88812B384E600059E40F /* HomeViewController.swift in Sources */ = {isa = PBXBuildFile; fileRef = 591A88802B384E600059E40F /* HomeViewController.swift */; };
		591A88862B384E610059E40F /* Assets.xcassets in Resources */ = {isa = PBXBuildFile; fileRef = 591A88852B384E610059E40F /* Assets.xcassets */; };
		591A88892B384E610059E40F /* LaunchScreen.storyboard in Resources */ = {isa = PBXBuildFile; fileRef = 591A88872B384E610059E40F /* LaunchScreen.storyboard */; };
		5986DCE92B390A8D005AE43B /* Secret.xcconfig in Resources */ = {isa = PBXBuildFile; fileRef = 5986DCE82B390A8D005AE43B /* Secret.xcconfig */; };
		59C306A42B4D7EBA00862625 /* Marker.swift in Sources */ = {isa = PBXBuildFile; fileRef = 59C306A32B4D7EBA00862625 /* Marker.swift */; };
		59C306A62B4D966C00862625 /* StoreType.swift in Sources */ = {isa = PBXBuildFile; fileRef = 59C306A52B4D966C00862625 /* StoreType.swift */; };
		8FE699E5DAEEDFE5A53D5E82 /* Pods_KCS.framework in Frameworks */ = {isa = PBXBuildFile; fileRef = E11E3144529848C9A0FC6F77 /* Pods_KCS.framework */; };
/* End PBXBuildFile section */

/* Begin PBXFileReference section */
		59053D0A2B3889A200D190CC /* .swiftlint.yml */ = {isa = PBXFileReference; lastKnownFileType = text.yaml; path = .swiftlint.yml; sourceTree = "<group>"; };
		591A88792B384E600059E40F /* KCS.app */ = {isa = PBXFileReference; explicitFileType = wrapper.application; includeInIndex = 0; path = KCS.app; sourceTree = BUILT_PRODUCTS_DIR; };
		591A887C2B384E600059E40F /* AppDelegate.swift */ = {isa = PBXFileReference; lastKnownFileType = sourcecode.swift; path = AppDelegate.swift; sourceTree = "<group>"; };
		591A887E2B384E600059E40F /* SceneDelegate.swift */ = {isa = PBXFileReference; lastKnownFileType = sourcecode.swift; path = SceneDelegate.swift; sourceTree = "<group>"; };
		591A88802B384E600059E40F /* HomeViewController.swift */ = {isa = PBXFileReference; lastKnownFileType = sourcecode.swift; path = HomeViewController.swift; sourceTree = "<group>"; };
		591A88852B384E610059E40F /* Assets.xcassets */ = {isa = PBXFileReference; lastKnownFileType = folder.assetcatalog; path = Assets.xcassets; sourceTree = "<group>"; };
		591A88882B384E610059E40F /* Base */ = {isa = PBXFileReference; lastKnownFileType = file.storyboard; name = Base; path = Base.lproj/LaunchScreen.storyboard; sourceTree = "<group>"; };
		591A888A2B384E610059E40F /* Info.plist */ = {isa = PBXFileReference; lastKnownFileType = text.plist.xml; path = Info.plist; sourceTree = "<group>"; };
		5986DCE82B390A8D005AE43B /* Secret.xcconfig */ = {isa = PBXFileReference; fileEncoding = 4; lastKnownFileType = text.xcconfig; path = Secret.xcconfig; sourceTree = "<group>"; };
		59C306A32B4D7EBA00862625 /* Marker.swift */ = {isa = PBXFileReference; lastKnownFileType = sourcecode.swift; path = Marker.swift; sourceTree = "<group>"; };
		59C306A52B4D966C00862625 /* StoreType.swift */ = {isa = PBXFileReference; lastKnownFileType = sourcecode.swift; path = StoreType.swift; sourceTree = "<group>"; };
		9EA5C8EA72EA9E937C11400A /* Pods-KCS.debug.xcconfig */ = {isa = PBXFileReference; includeInIndex = 1; lastKnownFileType = text.xcconfig; name = "Pods-KCS.debug.xcconfig"; path = "Target Support Files/Pods-KCS/Pods-KCS.debug.xcconfig"; sourceTree = "<group>"; };
		AA9EF30352C847A7C6DEC110 /* Pods-KCS.release.xcconfig */ = {isa = PBXFileReference; includeInIndex = 1; lastKnownFileType = text.xcconfig; name = "Pods-KCS.release.xcconfig"; path = "Target Support Files/Pods-KCS/Pods-KCS.release.xcconfig"; sourceTree = "<group>"; };
		E11E3144529848C9A0FC6F77 /* Pods_KCS.framework */ = {isa = PBXFileReference; explicitFileType = wrapper.framework; includeInIndex = 0; path = Pods_KCS.framework; sourceTree = BUILT_PRODUCTS_DIR; };
/* End PBXFileReference section */

/* Begin PBXFrameworksBuildPhase section */
		591A88762B384E600059E40F /* Frameworks */ = {
			isa = PBXFrameworksBuildPhase;
			buildActionMask = 2147483647;
			files = (
				8FE699E5DAEEDFE5A53D5E82 /* Pods_KCS.framework in Frameworks */,
			);
			runOnlyForDeploymentPostprocessing = 0;
		};
/* End PBXFrameworksBuildPhase section */

/* Begin PBXGroup section */
		591A88702B384E600059E40F = {
			isa = PBXGroup;
			children = (
				5986DCE82B390A8D005AE43B /* Secret.xcconfig */,
				59053D0A2B3889A200D190CC /* .swiftlint.yml */,
				591A887B2B384E600059E40F /* KCS */,
				591A887A2B384E600059E40F /* Products */,
				ED50AD730FA5F4D533F6DF5F /* Pods */,
				CBA0F2F7C6731F98AFE4E86D /* Frameworks */,
			);
			sourceTree = "<group>";
		};
		591A887A2B384E600059E40F /* Products */ = {
			isa = PBXGroup;
			children = (
				591A88792B384E600059E40F /* KCS.app */,
			);
			name = Products;
			sourceTree = "<group>";
		};
		591A887B2B384E600059E40F /* KCS */ = {
			isa = PBXGroup;
			children = (
				5986DCDE2B3892E1005AE43B /* Domain */,
				5986DCDD2B3892D8005AE43B /* Data */,
				5986DCDF2B3892EB005AE43B /* Presentation */,
				5986DCDC2B389252005AE43B /* Resource */,
				5986DCE02B3893D1005AE43B /* Util */,
				5986DCDB2B389234005AE43B /* Application */,
			);
			path = KCS;
			sourceTree = "<group>";
		};
		5986DCDB2B389234005AE43B /* Application */ = {
			isa = PBXGroup;
			children = (
				591A887C2B384E600059E40F /* AppDelegate.swift */,
				591A887E2B384E600059E40F /* SceneDelegate.swift */,
			);
			path = Application;
			sourceTree = "<group>";
		};
		5986DCDC2B389252005AE43B /* Resource */ = {
			isa = PBXGroup;
			children = (
				591A888A2B384E610059E40F /* Info.plist */,
				591A88852B384E610059E40F /* Assets.xcassets */,
				591A88872B384E610059E40F /* LaunchScreen.storyboard */,
			);
			path = Resource;
			sourceTree = "<group>";
		};
		5986DCDD2B3892D8005AE43B /* Data */ = {
			isa = PBXGroup;
			children = (
			);
			path = Data;
			sourceTree = "<group>";
		};
		5986DCDE2B3892E1005AE43B /* Domain */ = {
			isa = PBXGroup;
			children = (
				59C306A52B4D966C00862625 /* StoreType.swift */,
			);
			path = Domain;
			sourceTree = "<group>";
		};
		5986DCDF2B3892EB005AE43B /* Presentation */ = {
			isa = PBXGroup;
			children = (
				5986DCEA2B392996005AE43B /* Home */,
			);
			path = Presentation;
			sourceTree = "<group>";
		};
		5986DCE02B3893D1005AE43B /* Util */ = {
			isa = PBXGroup;
			children = (
			);
			path = Util;
			sourceTree = "<group>";
		};
		5986DCEA2B392996005AE43B /* Home */ = {
			isa = PBXGroup;
			children = (
				5986DCEB2B392BE5005AE43B /* View */,
			);
			path = Home;
			sourceTree = "<group>";
		};
		5986DCEB2B392BE5005AE43B /* View */ = {
			isa = PBXGroup;
			children = (
				591A88802B384E600059E40F /* HomeViewController.swift */,
				59C306A32B4D7EBA00862625 /* Marker.swift */,
			);
			path = View;
			sourceTree = "<group>";
		};
		CBA0F2F7C6731F98AFE4E86D /* Frameworks */ = {
			isa = PBXGroup;
			children = (
				E11E3144529848C9A0FC6F77 /* Pods_KCS.framework */,
			);
			name = Frameworks;
			sourceTree = "<group>";
		};
		ED50AD730FA5F4D533F6DF5F /* Pods */ = {
			isa = PBXGroup;
			children = (
				9EA5C8EA72EA9E937C11400A /* Pods-KCS.debug.xcconfig */,
				AA9EF30352C847A7C6DEC110 /* Pods-KCS.release.xcconfig */,
			);
			path = Pods;
			sourceTree = "<group>";
		};
/* End PBXGroup section */

/* Begin PBXNativeTarget section */
		591A88782B384E600059E40F /* KCS */ = {
			isa = PBXNativeTarget;
			buildConfigurationList = 591A888D2B384E610059E40F /* Build configuration list for PBXNativeTarget "KCS" */;
			buildPhases = (
				CB55E62BB6C1E559A1B678AA /* [CP] Check Pods Manifest.lock */,
				591A88752B384E600059E40F /* Sources */,
				591A88762B384E600059E40F /* Frameworks */,
				591A88772B384E600059E40F /* Resources */,
				3BC1B94F5FD0808C2E71C0CF /* [CP] Embed Pods Frameworks */,
				591A88902B3884930059E40F /* Run Script */,
			);
			buildRules = (
			);
			dependencies = (
			);
			name = KCS;
			productName = KCS;
			productReference = 591A88792B384E600059E40F /* KCS.app */;
			productType = "com.apple.product-type.application";
		};
/* End PBXNativeTarget section */

/* Begin PBXProject section */
		591A88712B384E600059E40F /* Project object */ = {
			isa = PBXProject;
			attributes = {
				BuildIndependentTargetsInParallel = 1;
				LastSwiftUpdateCheck = 1510;
				LastUpgradeCheck = 1510;
				TargetAttributes = {
					591A88782B384E600059E40F = {
						CreatedOnToolsVersion = 15.1;
					};
				};
			};
			buildConfigurationList = 591A88742B384E600059E40F /* Build configuration list for PBXProject "KCS" */;
			compatibilityVersion = "Xcode 14.0";
			developmentRegion = en;
			hasScannedForEncodings = 0;
			knownRegions = (
				en,
				Base,
			);
			mainGroup = 591A88702B384E600059E40F;
			productRefGroup = 591A887A2B384E600059E40F /* Products */;
			projectDirPath = "";
			projectRoot = "";
			targets = (
				591A88782B384E600059E40F /* KCS */,
			);
		};
/* End PBXProject section */

/* Begin PBXResourcesBuildPhase section */
		591A88772B384E600059E40F /* Resources */ = {
			isa = PBXResourcesBuildPhase;
			buildActionMask = 2147483647;
			files = (
				5986DCE92B390A8D005AE43B /* Secret.xcconfig in Resources */,
				59053D0B2B3889A200D190CC /* .swiftlint.yml in Resources */,
				591A88892B384E610059E40F /* LaunchScreen.storyboard in Resources */,
				591A88862B384E610059E40F /* Assets.xcassets in Resources */,
			);
			runOnlyForDeploymentPostprocessing = 0;
		};
/* End PBXResourcesBuildPhase section */

/* Begin PBXShellScriptBuildPhase section */
		3BC1B94F5FD0808C2E71C0CF /* [CP] Embed Pods Frameworks */ = {
			isa = PBXShellScriptBuildPhase;
			buildActionMask = 2147483647;
			files = (
			);
			inputFileListPaths = (
				"${PODS_ROOT}/Target Support Files/Pods-KCS/Pods-KCS-frameworks-${CONFIGURATION}-input-files.xcfilelist",
			);
			name = "[CP] Embed Pods Frameworks";
			outputFileListPaths = (
				"${PODS_ROOT}/Target Support Files/Pods-KCS/Pods-KCS-frameworks-${CONFIGURATION}-output-files.xcfilelist",
			);
			runOnlyForDeploymentPostprocessing = 0;
			shellPath = /bin/sh;
			shellScript = "\"${PODS_ROOT}/Target Support Files/Pods-KCS/Pods-KCS-frameworks.sh\"\n";
			showEnvVarsInLog = 0;
		};
		591A88902B3884930059E40F /* Run Script */ = {
			isa = PBXShellScriptBuildPhase;
			alwaysOutOfDate = 1;
			buildActionMask = 2147483647;
			files = (
			);
			inputFileListPaths = (
			);
			inputPaths = (
			);
			name = "Run Script";
			outputFileListPaths = (
			);
			outputPaths = (
			);
			runOnlyForDeploymentPostprocessing = 0;
			shellPath = /bin/sh;
			shellScript = "\"${PODS_ROOT}/SwiftLint/swiftlint\"\n";
		};
		CB55E62BB6C1E559A1B678AA /* [CP] Check Pods Manifest.lock */ = {
			isa = PBXShellScriptBuildPhase;
			buildActionMask = 2147483647;
			files = (
			);
			inputFileListPaths = (
			);
			inputPaths = (
				"${PODS_PODFILE_DIR_PATH}/Podfile.lock",
				"${PODS_ROOT}/Manifest.lock",
			);
			name = "[CP] Check Pods Manifest.lock";
			outputFileListPaths = (
			);
			outputPaths = (
				"$(DERIVED_FILE_DIR)/Pods-KCS-checkManifestLockResult.txt",
			);
			runOnlyForDeploymentPostprocessing = 0;
			shellPath = /bin/sh;
			shellScript = "diff \"${PODS_PODFILE_DIR_PATH}/Podfile.lock\" \"${PODS_ROOT}/Manifest.lock\" > /dev/null\nif [ $? != 0 ] ; then\n    # print error to STDERR\n    echo \"error: The sandbox is not in sync with the Podfile.lock. Run 'pod install' or update your CocoaPods installation.\" >&2\n    exit 1\nfi\n# This output is used by Xcode 'outputs' to avoid re-running this script phase.\necho \"SUCCESS\" > \"${SCRIPT_OUTPUT_FILE_0}\"\n";
			showEnvVarsInLog = 0;
		};
/* End PBXShellScriptBuildPhase section */

/* Begin PBXSourcesBuildPhase section */
		591A88752B384E600059E40F /* Sources */ = {
			isa = PBXSourcesBuildPhase;
			buildActionMask = 2147483647;
			files = (
				59C306A62B4D966C00862625 /* StoreType.swift in Sources */,
				591A88812B384E600059E40F /* HomeViewController.swift in Sources */,
				59C306A42B4D7EBA00862625 /* Marker.swift in Sources */,
				591A887D2B384E600059E40F /* AppDelegate.swift in Sources */,
				591A887F2B384E600059E40F /* SceneDelegate.swift in Sources */,
			);
			runOnlyForDeploymentPostprocessing = 0;
		};
/* End PBXSourcesBuildPhase section */

/* Begin PBXVariantGroup section */
		591A88872B384E610059E40F /* LaunchScreen.storyboard */ = {
			isa = PBXVariantGroup;
			children = (
				591A88882B384E610059E40F /* Base */,
			);
			name = LaunchScreen.storyboard;
			sourceTree = "<group>";
		};
/* End PBXVariantGroup section */

/* Begin XCBuildConfiguration section */
		591A888B2B384E610059E40F /* Debug */ = {
			isa = XCBuildConfiguration;
			baseConfigurationReference = 5986DCE82B390A8D005AE43B /* Secret.xcconfig */;
			buildSettings = {
				ALWAYS_SEARCH_USER_PATHS = NO;
				ASSETCATALOG_COMPILER_GENERATE_SWIFT_ASSET_SYMBOL_EXTENSIONS = YES;
				CLANG_ANALYZER_NONNULL = YES;
				CLANG_ANALYZER_NUMBER_OBJECT_CONVERSION = YES_AGGRESSIVE;
				CLANG_CXX_LANGUAGE_STANDARD = "gnu++20";
				CLANG_ENABLE_MODULES = YES;
				CLANG_ENABLE_OBJC_ARC = YES;
				CLANG_ENABLE_OBJC_WEAK = YES;
				CLANG_WARN_BLOCK_CAPTURE_AUTORELEASING = YES;
				CLANG_WARN_BOOL_CONVERSION = YES;
				CLANG_WARN_COMMA = YES;
				CLANG_WARN_CONSTANT_CONVERSION = YES;
				CLANG_WARN_DEPRECATED_OBJC_IMPLEMENTATIONS = YES;
				CLANG_WARN_DIRECT_OBJC_ISA_USAGE = YES_ERROR;
				CLANG_WARN_DOCUMENTATION_COMMENTS = YES;
				CLANG_WARN_EMPTY_BODY = YES;
				CLANG_WARN_ENUM_CONVERSION = YES;
				CLANG_WARN_INFINITE_RECURSION = YES;
				CLANG_WARN_INT_CONVERSION = YES;
				CLANG_WARN_NON_LITERAL_NULL_CONVERSION = YES;
				CLANG_WARN_OBJC_IMPLICIT_RETAIN_SELF = YES;
				CLANG_WARN_OBJC_LITERAL_CONVERSION = YES;
				CLANG_WARN_OBJC_ROOT_CLASS = YES_ERROR;
				CLANG_WARN_QUOTED_INCLUDE_IN_FRAMEWORK_HEADER = YES;
				CLANG_WARN_RANGE_LOOP_ANALYSIS = YES;
				CLANG_WARN_STRICT_PROTOTYPES = YES;
				CLANG_WARN_SUSPICIOUS_MOVE = YES;
				CLANG_WARN_UNGUARDED_AVAILABILITY = YES_AGGRESSIVE;
				CLANG_WARN_UNREACHABLE_CODE = YES;
				CLANG_WARN__DUPLICATE_METHOD_MATCH = YES;
				COPY_PHASE_STRIP = NO;
				DEBUG_INFORMATION_FORMAT = dwarf;
				ENABLE_STRICT_OBJC_MSGSEND = YES;
				ENABLE_TESTABILITY = YES;
				ENABLE_USER_SCRIPT_SANDBOXING = YES;
				GCC_C_LANGUAGE_STANDARD = gnu17;
				GCC_DYNAMIC_NO_PIC = NO;
				GCC_NO_COMMON_BLOCKS = YES;
				GCC_OPTIMIZATION_LEVEL = 0;
				GCC_PREPROCESSOR_DEFINITIONS = (
					"DEBUG=1",
					"$(inherited)",
				);
				GCC_WARN_64_TO_32_BIT_CONVERSION = YES;
				GCC_WARN_ABOUT_RETURN_TYPE = YES_ERROR;
				GCC_WARN_UNDECLARED_SELECTOR = YES;
				GCC_WARN_UNINITIALIZED_AUTOS = YES_AGGRESSIVE;
				GCC_WARN_UNUSED_FUNCTION = YES;
				GCC_WARN_UNUSED_VARIABLE = YES;
				IPHONEOS_DEPLOYMENT_TARGET = 15.0;
				LOCALIZATION_PREFERS_STRING_CATALOGS = YES;
				MTL_ENABLE_DEBUG_INFO = INCLUDE_SOURCE;
				MTL_FAST_MATH = YES;
				ONLY_ACTIVE_ARCH = YES;
				SDKROOT = iphoneos;
				SWIFT_ACTIVE_COMPILATION_CONDITIONS = "DEBUG $(inherited)";
				SWIFT_OPTIMIZATION_LEVEL = "-Onone";
			};
			name = Debug;
		};
		591A888C2B384E610059E40F /* Release */ = {
			isa = XCBuildConfiguration;
			buildSettings = {
				ALWAYS_SEARCH_USER_PATHS = NO;
				ASSETCATALOG_COMPILER_GENERATE_SWIFT_ASSET_SYMBOL_EXTENSIONS = YES;
				CLANG_ANALYZER_NONNULL = YES;
				CLANG_ANALYZER_NUMBER_OBJECT_CONVERSION = YES_AGGRESSIVE;
				CLANG_CXX_LANGUAGE_STANDARD = "gnu++20";
				CLANG_ENABLE_MODULES = YES;
				CLANG_ENABLE_OBJC_ARC = YES;
				CLANG_ENABLE_OBJC_WEAK = YES;
				CLANG_WARN_BLOCK_CAPTURE_AUTORELEASING = YES;
				CLANG_WARN_BOOL_CONVERSION = YES;
				CLANG_WARN_COMMA = YES;
				CLANG_WARN_CONSTANT_CONVERSION = YES;
				CLANG_WARN_DEPRECATED_OBJC_IMPLEMENTATIONS = YES;
				CLANG_WARN_DIRECT_OBJC_ISA_USAGE = YES_ERROR;
				CLANG_WARN_DOCUMENTATION_COMMENTS = YES;
				CLANG_WARN_EMPTY_BODY = YES;
				CLANG_WARN_ENUM_CONVERSION = YES;
				CLANG_WARN_INFINITE_RECURSION = YES;
				CLANG_WARN_INT_CONVERSION = YES;
				CLANG_WARN_NON_LITERAL_NULL_CONVERSION = YES;
				CLANG_WARN_OBJC_IMPLICIT_RETAIN_SELF = YES;
				CLANG_WARN_OBJC_LITERAL_CONVERSION = YES;
				CLANG_WARN_OBJC_ROOT_CLASS = YES_ERROR;
				CLANG_WARN_QUOTED_INCLUDE_IN_FRAMEWORK_HEADER = YES;
				CLANG_WARN_RANGE_LOOP_ANALYSIS = YES;
				CLANG_WARN_STRICT_PROTOTYPES = YES;
				CLANG_WARN_SUSPICIOUS_MOVE = YES;
				CLANG_WARN_UNGUARDED_AVAILABILITY = YES_AGGRESSIVE;
				CLANG_WARN_UNREACHABLE_CODE = YES;
				CLANG_WARN__DUPLICATE_METHOD_MATCH = YES;
				COPY_PHASE_STRIP = NO;
				DEBUG_INFORMATION_FORMAT = "dwarf-with-dsym";
				ENABLE_NS_ASSERTIONS = NO;
				ENABLE_STRICT_OBJC_MSGSEND = YES;
				ENABLE_USER_SCRIPT_SANDBOXING = YES;
				GCC_C_LANGUAGE_STANDARD = gnu17;
				GCC_NO_COMMON_BLOCKS = YES;
				GCC_WARN_64_TO_32_BIT_CONVERSION = YES;
				GCC_WARN_ABOUT_RETURN_TYPE = YES_ERROR;
				GCC_WARN_UNDECLARED_SELECTOR = YES;
				GCC_WARN_UNINITIALIZED_AUTOS = YES_AGGRESSIVE;
				GCC_WARN_UNUSED_FUNCTION = YES;
				GCC_WARN_UNUSED_VARIABLE = YES;
				IPHONEOS_DEPLOYMENT_TARGET = 15.0;
				LOCALIZATION_PREFERS_STRING_CATALOGS = YES;
				MTL_ENABLE_DEBUG_INFO = NO;
				MTL_FAST_MATH = YES;
				SDKROOT = iphoneos;
				SWIFT_COMPILATION_MODE = wholemodule;
				VALIDATE_PRODUCT = YES;
			};
			name = Release;
		};
		591A888E2B384E610059E40F /* Debug */ = {
			isa = XCBuildConfiguration;
			baseConfigurationReference = 9EA5C8EA72EA9E937C11400A /* Pods-KCS.debug.xcconfig */;
			buildSettings = {
				ASSETCATALOG_COMPILER_APPICON_NAME = AppIcon;
				ASSETCATALOG_COMPILER_GLOBAL_ACCENT_COLOR_NAME = AccentColor;
				CODE_SIGN_STYLE = Automatic;
				CURRENT_PROJECT_VERSION = 1;
				DEVELOPMENT_TEAM = MMM58CZBQF;
				ENABLE_USER_SCRIPT_SANDBOXING = NO;
				GENERATE_INFOPLIST_FILE = YES;
				INFOPLIST_FILE = KCS/Resource/Info.plist;
				INFOPLIST_KEY_NSLocationWhenInUseUsageDescription = "사용자의 위치를 기반으로 가게 정보를 제공하기 위해 권한이 필요합니다.";
				INFOPLIST_KEY_UIApplicationSupportsIndirectInputEvents = YES;
				INFOPLIST_KEY_UILaunchStoryboardName = LaunchScreen;
				INFOPLIST_KEY_UISupportedInterfaceOrientations = UIInterfaceOrientationPortrait;
				INFOPLIST_KEY_UISupportedInterfaceOrientations_iPad = "UIInterfaceOrientationLandscapeLeft UIInterfaceOrientationLandscapeRight UIInterfaceOrientationPortrait UIInterfaceOrientationPortraitUpsideDown";
				IPHONEOS_DEPLOYMENT_TARGET = 15.0;
				LD_RUNPATH_SEARCH_PATHS = (
					"$(inherited)",
					"@executable_path/Frameworks",
				);
				MARKETING_VERSION = 1.0;
				PRODUCT_BUNDLE_IDENTIFIER = KoreaCertifiedStore.KCS;
				PRODUCT_NAME = "$(TARGET_NAME)";
				SUPPORTED_PLATFORMS = "iphoneos iphonesimulator";
				SUPPORTS_MACCATALYST = NO;
				SUPPORTS_MAC_DESIGNED_FOR_IPHONE_IPAD = NO;
				SWIFT_EMIT_LOC_STRINGS = YES;
				SWIFT_VERSION = 5.0;
				TARGETED_DEVICE_FAMILY = 1;
			};
			name = Debug;
		};
		591A888F2B384E610059E40F /* Release */ = {
			isa = XCBuildConfiguration;
			baseConfigurationReference = AA9EF30352C847A7C6DEC110 /* Pods-KCS.release.xcconfig */;
			buildSettings = {
				ASSETCATALOG_COMPILER_APPICON_NAME = AppIcon;
				ASSETCATALOG_COMPILER_GLOBAL_ACCENT_COLOR_NAME = AccentColor;
				CODE_SIGN_STYLE = Automatic;
				CURRENT_PROJECT_VERSION = 1;
				DEVELOPMENT_TEAM = MMM58CZBQF;
				ENABLE_USER_SCRIPT_SANDBOXING = NO;
				GENERATE_INFOPLIST_FILE = YES;
				INFOPLIST_FILE = KCS/Resource/Info.plist;
				INFOPLIST_KEY_NSLocationWhenInUseUsageDescription = "사용자의 위치를 기반으로 가게 정보를 제공하기 위해 권한이 필요합니다.";
				INFOPLIST_KEY_UIApplicationSupportsIndirectInputEvents = YES;
				INFOPLIST_KEY_UILaunchStoryboardName = LaunchScreen;
				INFOPLIST_KEY_UISupportedInterfaceOrientations = UIInterfaceOrientationPortrait;
				INFOPLIST_KEY_UISupportedInterfaceOrientations_iPad = "UIInterfaceOrientationLandscapeLeft UIInterfaceOrientationLandscapeRight UIInterfaceOrientationPortrait UIInterfaceOrientationPortraitUpsideDown";
				IPHONEOS_DEPLOYMENT_TARGET = 15.0;
				LD_RUNPATH_SEARCH_PATHS = (
					"$(inherited)",
					"@executable_path/Frameworks",
				);
				MARKETING_VERSION = 1.0;
				PRODUCT_BUNDLE_IDENTIFIER = KoreaCertifiedStore.KCS;
				PRODUCT_NAME = "$(TARGET_NAME)";
				SUPPORTED_PLATFORMS = "iphoneos iphonesimulator";
				SUPPORTS_MACCATALYST = NO;
				SUPPORTS_MAC_DESIGNED_FOR_IPHONE_IPAD = NO;
				SWIFT_EMIT_LOC_STRINGS = YES;
				SWIFT_VERSION = 5.0;
				TARGETED_DEVICE_FAMILY = 1;
			};
			name = Release;
		};
/* End XCBuildConfiguration section */

/* Begin XCConfigurationList section */
		591A88742B384E600059E40F /* Build configuration list for PBXProject "KCS" */ = {
			isa = XCConfigurationList;
			buildConfigurations = (
				591A888B2B384E610059E40F /* Debug */,
				591A888C2B384E610059E40F /* Release */,
			);
			defaultConfigurationIsVisible = 0;
			defaultConfigurationName = Release;
		};
		591A888D2B384E610059E40F /* Build configuration list for PBXNativeTarget "KCS" */ = {
			isa = XCConfigurationList;
			buildConfigurations = (
				591A888E2B384E610059E40F /* Debug */,
				591A888F2B384E610059E40F /* Release */,
			);
			defaultConfigurationIsVisible = 0;
			defaultConfigurationName = Release;
		};
/* End XCConfigurationList section */
	};
	rootObject = 591A88712B384E600059E40F /* Project object */;
}
